
Microsoft Visual Studio Solution File, Format Version 12.00
# Visual Studio Version 16
VisualStudioVersion = 16.0.32510.428
MinimumVisualStudioVersion = 10.0.40219.1
Project("{8BC9CEB8-8B4A-11D0-8D11-00A0C91BC942}") = "CG-Course", "CG-Course.vcxproj", "{2A55E557-B373-429A-8956-3CC8CAEB792D}"
EndProject
Global
	GlobalSection(SolutionConfigurationPlatforms) = preSolution
		Debug|x64 = Debug|x64
		Debug|x86 = Debug|x86
		Release|x64 = Release|x64
		Release|x86 = Release|x86
	EndGlobalSection
	GlobalSection(ProjectConfigurationPlatforms) = postSolution
		{2A55E557-B373-429A-8956-3CC8CAEB792D}.Debug|x64.ActiveCfg = Debug|x64
		{2A55E557-B373-429A-8956-3CC8CAEB792D}.Debug|x64.Build.0 = Debug|x64
		{2A55E557-B373-429A-8956-3CC8CAEB792D}.Debug|x86.ActiveCfg = Debug|Win32
		{2A55E557-B373-429A-8956-3CC8CAEB792D}.Debug|x86.Build.0 = Debug|Win32
		{2A55E557-B373-429A-8956-3CC8CAEB792D}.Release|x64.ActiveCfg = Release|x64
		{2A55E557-B373-429A-8956-3CC8CAEB792D}.Release|x64.Build.0 = Release|x64
		{2A55E557-B373-429A-8956-3CC8CAEB792D}.Release|x86.ActiveCfg = Release|Win32
		{2A55E557-B373-429A-8956-3CC8CAEB792D}.Release|x86.Build.0 = Release|Win32
	EndGlobalSection
	GlobalSection(SolutionProperties) = preSolution
		HideSolutionNode = FALSE
	EndGlobalSection
	GlobalSection(ExtensibilityGlobals) = postSolution
		SolutionGuid = {8ED95C30-50B7-4541-8BB2-368210D71835}
	EndGlobalSection
EndGlobal
